// !$*UTF8*$!
{
	archiveVersion = 1;
	classes = {
	};
	objectVersion = 50;
	objects = {

/* Begin PBXBuildFile section */
		4900292E25641C17006AD629 /* Calculator_SwiftUIApp.swift in Sources */ = {isa = PBXBuildFile; fileRef = 4900292D25641C17006AD629 /* Calculator_SwiftUIApp.swift */; };
		4900293025641C17006AD629 /* CalculatorView.swift in Sources */ = {isa = PBXBuildFile; fileRef = 4900292F25641C17006AD629 /* CalculatorView.swift */; };
		4900293225641C17006AD629 /* Assets.xcassets in Resources */ = {isa = PBXBuildFile; fileRef = 4900293125641C17006AD629 /* Assets.xcassets */; };
		4900293525641C17006AD629 /* Preview Assets.xcassets in Resources */ = {isa = PBXBuildFile; fileRef = 4900293425641C17006AD629 /* Preview Assets.xcassets */; };
		4900293E25641F1B006AD629 /* Calculator.swift in Sources */ = {isa = PBXBuildFile; fileRef = 4900293D25641F1B006AD629 /* Calculator.swift */; };
		49F8DF382577BE74007831AB /* CalculatorButton.swift in Sources */ = {isa = PBXBuildFile; fileRef = 49F8DF372577BE74007831AB /* CalculatorButton.swift */; };
		49F8DF3C2577C6C3007831AB /* StringExtension.swift in Sources */ = {isa = PBXBuildFile; fileRef = 49F8DF3B2577C6C3007831AB /* StringExtension.swift */; };
		49F8DF402577D8E0007831AB /* CalculatorViewModel.swift in Sources */ = {isa = PBXBuildFile; fileRef = 49F8DF3F2577D8E0007831AB /* CalculatorViewModel.swift */; };
/* End PBXBuildFile section */

/* Begin PBXFileReference section */
		4900292A25641C17006AD629 /* Calculator_SwiftUI.app */ = {isa = PBXFileReference; explicitFileType = wrapper.application; includeInIndex = 0; path = Calculator_SwiftUI.app; sourceTree = BUILT_PRODUCTS_DIR; };
		4900292D25641C17006AD629 /* Calculator_SwiftUIApp.swift */ = {isa = PBXFileReference; lastKnownFileType = sourcecode.swift; path = Calculator_SwiftUIApp.swift; sourceTree = "<group>"; };
		4900292F25641C17006AD629 /* CalculatorView.swift */ = {isa = PBXFileReference; lastKnownFileType = sourcecode.swift; path = CalculatorView.swift; sourceTree = "<group>"; };
		4900293125641C17006AD629 /* Assets.xcassets */ = {isa = PBXFileReference; lastKnownFileType = folder.assetcatalog; path = Assets.xcassets; sourceTree = "<group>"; };
		4900293425641C17006AD629 /* Preview Assets.xcassets */ = {isa = PBXFileReference; lastKnownFileType = folder.assetcatalog; path = "Preview Assets.xcassets"; sourceTree = "<group>"; };
		4900293625641C17006AD629 /* Info.plist */ = {isa = PBXFileReference; lastKnownFileType = text.plist.xml; path = Info.plist; sourceTree = "<group>"; };
		4900293D25641F1B006AD629 /* Calculator.swift */ = {isa = PBXFileReference; lastKnownFileType = sourcecode.swift; path = Calculator.swift; sourceTree = "<group>"; };
		49F8DF372577BE74007831AB /* CalculatorButton.swift */ = {isa = PBXFileReference; lastKnownFileType = sourcecode.swift; path = CalculatorButton.swift; sourceTree = "<group>"; };
		49F8DF3B2577C6C3007831AB /* StringExtension.swift */ = {isa = PBXFileReference; lastKnownFileType = sourcecode.swift; path = StringExtension.swift; sourceTree = "<group>"; };
		49F8DF3F2577D8E0007831AB /* CalculatorViewModel.swift */ = {isa = PBXFileReference; lastKnownFileType = sourcecode.swift; path = CalculatorViewModel.swift; sourceTree = "<group>"; };
/* End PBXFileReference section */

/* Begin PBXFrameworksBuildPhase section */
		4900292725641C17006AD629 /* Frameworks */ = {
			isa = PBXFrameworksBuildPhase;
			buildActionMask = 2147483647;
			files = (
			);
			runOnlyForDeploymentPostprocessing = 0;
		};
/* End PBXFrameworksBuildPhase section */

/* Begin PBXGroup section */
		4900292125641C17006AD629 = {
			isa = PBXGroup;
			children = (
				4900292C25641C17006AD629 /* Calculator_SwiftUI */,
				4900292B25641C17006AD629 /* Products */,
			);
			sourceTree = "<group>";
		};
		4900292B25641C17006AD629 /* Products */ = {
			isa = PBXGroup;
			children = (
				4900292A25641C17006AD629 /* Calculator_SwiftUI.app */,
			);
			name = Products;
			sourceTree = "<group>";
		};
		4900292C25641C17006AD629 /* Calculator_SwiftUI */ = {
			isa = PBXGroup;
			children = (
				4900292D25641C17006AD629 /* Calculator_SwiftUIApp.swift */,
				49F8DF362577BDF9007831AB /* Model */,
				49F8DF352577BDE9007831AB /* ViewModel */,
				49F8DF342577BDD9007831AB /* View */,
				4900293125641C17006AD629 /* Assets.xcassets */,
				4900293625641C17006AD629 /* Info.plist */,
				4900293325641C17006AD629 /* Preview Content */,
				49F8DF3B2577C6C3007831AB /* StringExtension.swift */,
			);
			path = Calculator_SwiftUI;
			sourceTree = "<group>";
		};
		4900293325641C17006AD629 /* Preview Content */ = {
			isa = PBXGroup;
			children = (
				4900293425641C17006AD629 /* Preview Assets.xcassets */,
			);
			path = "Preview Content";
			sourceTree = "<group>";
		};
		49F8DF342577BDD9007831AB /* View */ = {
			isa = PBXGroup;
			children = (
				4900292F25641C17006AD629 /* CalculatorView.swift */,
			);
			path = View;
			sourceTree = "<group>";
		};
		49F8DF352577BDE9007831AB /* ViewModel */ = {
			isa = PBXGroup;
			children = (
				4900293D25641F1B006AD629 /* Calculator.swift */,
				49F8DF3F2577D8E0007831AB /* CalculatorViewModel.swift */,
			);
			path = ViewModel;
			sourceTree = "<group>";
		};
		49F8DF362577BDF9007831AB /* Model */ = {
			isa = PBXGroup;
			children = (
				49F8DF372577BE74007831AB /* CalculatorButton.swift */,
			);
			path = Model;
			sourceTree = "<group>";
		};
/* End PBXGroup section */

/* Begin PBXNativeTarget section */
		4900292925641C17006AD629 /* Calculator_SwiftUI */ = {
			isa = PBXNativeTarget;
			buildConfigurationList = 4900293925641C17006AD629 /* Build configuration list for PBXNativeTarget "Calculator_SwiftUI" */;
			buildPhases = (
				4900292625641C17006AD629 /* Sources */,
				4900292725641C17006AD629 /* Frameworks */,
				4900292825641C17006AD629 /* Resources */,
			);
			buildRules = (
			);
			dependencies = (
			);
			name = Calculator_SwiftUI;
			productName = Calculator_SwiftUI;
			productReference = 4900292A25641C17006AD629 /* Calculator_SwiftUI.app */;
			productType = "com.apple.product-type.application";
		};
/* End PBXNativeTarget section */

/* Begin PBXProject section */
		4900292225641C17006AD629 /* Project object */ = {
			isa = PBXProject;
			attributes = {
				LastSwiftUpdateCheck = 1200;
				LastUpgradeCheck = 1200;
				TargetAttributes = {
					4900292925641C17006AD629 = {
						CreatedOnToolsVersion = 12.0.1;
					};
				};
			};
			buildConfigurationList = 4900292525641C17006AD629 /* Build configuration list for PBXProject "Calculator_SwiftUI" */;
			compatibilityVersion = "Xcode 9.3";
			developmentRegion = en;
			hasScannedForEncodings = 0;
			knownRegions = (
				en,
				Base,
			);
			mainGroup = 4900292125641C17006AD629;
			productRefGroup = 4900292B25641C17006AD629 /* Products */;
			projectDirPath = "";
			projectRoot = "";
			targets = (
				4900292925641C17006AD629 /* Calculator_SwiftUI */,
			);
		};
/* End PBXProject section */

/* Begin PBXResourcesBuildPhase section */
		4900292825641C17006AD629 /* Resources */ = {
			isa = PBXResourcesBuildPhase;
			buildActionMask = 2147483647;
			files = (
				4900293525641C17006AD629 /* Preview Assets.xcassets in Resources */,
				4900293225641C17006AD629 /* Assets.xcassets in Resources */,
			);
			runOnlyForDeploymentPostprocessing = 0;
		};
/* End PBXResourcesBuildPhase section */

/* Begin PBXSourcesBuildPhase section */
		4900292625641C17006AD629 /* Sources */ = {
			isa = PBXSourcesBuildPhase;
			buildActionMask = 2147483647;
			files = (
				4900293025641C17006AD629 /* CalculatorView.swift in Sources */,
				4900292E25641C17006AD629 /* Calculator_SwiftUIApp.swift in Sources */,
				49F8DF3C2577C6C3007831AB /* StringExtension.swift in Sources */,
				4900293E25641F1B006AD629 /* Calculator.swift in Sources */,
				49F8DF402577D8E0007831AB /* CalculatorViewModel.swift in Sources */,
				49F8DF382577BE74007831AB /* CalculatorButton.swift in Sources */,
			);
			runOnlyForDeploymentPostprocessing = 0;
		};
/* End PBXSourcesBuildPhase section */

/* Begin XCBuildConfiguration section */
		4900293725641C17006AD629 /* Debug */ = {
			isa = XCBuildConfiguration;
			buildSettings = {
				ALWAYS_SEARCH_USER_PATHS = NO;
				CLANG_ANALYZER_NONNULL = YES;
				CLANG_ANALYZER_NUMBER_OBJECT_CONVERSION = YES_AGGRESSIVE;
				CLANG_CXX_LANGUAGE_STANDARD = "gnu++14";
				CLANG_CXX_LIBRARY = "libc++";
				CLANG_ENABLE_MODULES = YES;
				CLANG_ENABLE_OBJC_ARC = YES;
				CLANG_ENABLE_OBJC_WEAK = YES;
				CLANG_WARN_BLOCK_CAPTURE_AUTORELEASING = YES;
				CLANG_WARN_BOOL_CONVERSION = YES;
				CLANG_WARN_COMMA = YES;
				CLANG_WARN_CONSTANT_CONVERSION = YES;
				CLANG_WARN_DEPRECATED_OBJC_IMPLEMENTATIONS = YES;
				CLANG_WARN_DIRECT_OBJC_ISA_USAGE = YES_ERROR;
				CLANG_WARN_DOCUMENTATION_COMMENTS = YES;
				CLANG_WARN_EMPTY_BODY = YES;
				CLANG_WARN_ENUM_CONVERSION = YES;
				CLANG_WARN_INFINITE_RECURSION = YES;
				CLANG_WARN_INT_CONVERSION = YES;
				CLANG_WARN_NON_LITERAL_NULL_CONVERSION = YES;
				CLANG_WARN_OBJC_IMPLICIT_RETAIN_SELF = YES;
				CLANG_WARN_OBJC_LITERAL_CONVERSION = YES;
				CLANG_WARN_OBJC_ROOT_CLASS = YES_ERROR;
				CLANG_WARN_QUOTED_INCLUDE_IN_FRAMEWORK_HEADER = YES;
				CLANG_WARN_RANGE_LOOP_ANALYSIS = YES;
				CLANG_WARN_STRICT_PROTOTYPES = YES;
				CLANG_WARN_SUSPICIOUS_MOVE = YES;
				CLANG_WARN_UNGUARDED_AVAILABILITY = YES_AGGRESSIVE;
				CLANG_WARN_UNREACHABLE_CODE = YES;
				CLANG_WARN__DUPLICATE_METHOD_MATCH = YES;
				COPY_PHASE_STRIP = NO;
				DEBUG_INFORMATION_FORMAT = dwarf;
				ENABLE_STRICT_OBJC_MSGSEND = YES;
				ENABLE_TESTABILITY = YES;
				GCC_C_LANGUAGE_STANDARD = gnu11;
				GCC_DYNAMIC_NO_PIC = NO;
				GCC_NO_COMMON_BLOCKS = YES;
				GCC_OPTIMIZATION_LEVEL = 0;
				GCC_PREPROCESSOR_DEFINITIONS = (
					"DEBUG=1",
					"$(inherited)",
				);
				GCC_WARN_64_TO_32_BIT_CONVERSION = YES;
				GCC_WARN_ABOUT_RETURN_TYPE = YES_ERROR;
				GCC_WARN_UNDECLARED_SELECTOR = YES;
				GCC_WARN_UNINITIALIZED_AUTOS = YES_AGGRESSIVE;
				GCC_WARN_UNUSED_FUNCTION = YES;
				GCC_WARN_UNUSED_VARIABLE = YES;
				IPHONEOS_DEPLOYMENT_TARGET = 14.0;
				MTL_ENABLE_DEBUG_INFO = INCLUDE_SOURCE;
				MTL_FAST_MATH = YES;
				ONLY_ACTIVE_ARCH = YES;
				SDKROOT = iphoneos;
				SWIFT_ACTIVE_COMPILATION_CONDITIONS = DEBUG;
				SWIFT_OPTIMIZATION_LEVEL = "-Onone";
			};
			name = Debug;
		};
		4900293825641C17006AD629 /* Release */ = {
			isa = XCBuildConfiguration;
			buildSettings = {
				ALWAYS_SEARCH_USER_PATHS = NO;
				CLANG_ANALYZER_NONNULL = YES;
				CLANG_ANALYZER_NUMBER_OBJECT_CONVERSION = YES_AGGRESSIVE;
				CLANG_CXX_LANGUAGE_STANDARD = "gnu++14";
				CLANG_CXX_LIBRARY = "libc++";
				CLANG_ENABLE_MODULES = YES;
				CLANG_ENABLE_OBJC_ARC = YES;
				CLANG_ENABLE_OBJC_WEAK = YES;
				CLANG_WARN_BLOCK_CAPTURE_AUTORELEASING = YES;
				CLANG_WARN_BOOL_CONVERSION = YES;
				CLANG_WARN_COMMA = YES;
				CLANG_WARN_CONSTANT_CONVERSION = YES;
				CLANG_WARN_DEPRECATED_OBJC_IMPLEMENTATIONS = YES;
				CLANG_WARN_DIRECT_OBJC_ISA_USAGE = YES_ERROR;
				CLANG_WARN_DOCUMENTATION_COMMENTS = YES;
				CLANG_WARN_EMPTY_BODY = YES;
				CLANG_WARN_ENUM_CONVERSION = YES;
				CLANG_WARN_INFINITE_RECURSION = YES;
				CLANG_WARN_INT_CONVERSION = YES;
				CLANG_WARN_NON_LITERAL_NULL_CONVERSION = YES;
				CLANG_WARN_OBJC_IMPLICIT_RETAIN_SELF = YES;
				CLANG_WARN_OBJC_LITERAL_CONVERSION = YES;
				CLANG_WARN_OBJC_ROOT_CLASS = YES_ERROR;
				CLANG_WARN_QUOTED_INCLUDE_IN_FRAMEWORK_HEADER = YES;
				CLANG_WARN_RANGE_LOOP_ANALYSIS = YES;
				CLANG_WARN_STRICT_PROTOTYPES = YES;
				CLANG_WARN_SUSPICIOUS_MOVE = YES;
				CLANG_WARN_UNGUARDED_AVAILABILITY = YES_AGGRESSIVE;
				CLANG_WARN_UNREACHABLE_CODE = YES;
				CLANG_WARN__DUPLICATE_METHOD_MATCH = YES;
				COPY_PHASE_STRIP = NO;
				DEBUG_INFORMATION_FORMAT = "dwarf-with-dsym";
				ENABLE_NS_ASSERTIONS = NO;
				ENABLE_STRICT_OBJC_MSGSEND = YES;
				GCC_C_LANGUAGE_STANDARD = gnu11;
				GCC_NO_COMMON_BLOCKS = YES;
				GCC_WARN_64_TO_32_BIT_CONVERSION = YES;
				GCC_WARN_ABOUT_RETURN_TYPE = YES_ERROR;
				GCC_WARN_UNDECLARED_SELECTOR = YES;
				GCC_WARN_UNINITIALIZED_AUTOS = YES_AGGRESSIVE;
				GCC_WARN_UNUSED_FUNCTION = YES;
				GCC_WARN_UNUSED_VARIABLE = YES;
				IPHONEOS_DEPLOYMENT_TARGET = 14.0;
				MTL_ENABLE_DEBUG_INFO = NO;
				MTL_FAST_MATH = YES;
				SDKROOT = iphoneos;
				SWIFT_COMPILATION_MODE = wholemodule;
				SWIFT_OPTIMIZATION_LEVEL = "-O";
				VALIDATE_PRODUCT = YES;
			};
			name = Release;
		};
		4900293A25641C17006AD629 /* Debug */ = {
			isa = XCBuildConfiguration;
			buildSettings = {
				ASSETCATALOG_COMPILER_APPICON_NAME = AppIcon;
				ASSETCATALOG_COMPILER_GLOBAL_ACCENT_COLOR_NAME = AccentColor;
				CODE_SIGN_STYLE = Automatic;
				DEVELOPMENT_ASSET_PATHS = "\"Calculator_SwiftUI/Preview Content\"";
				DEVELOPMENT_TEAM = RSA6B5TSXV;
				ENABLE_PREVIEWS = YES;
				INFOPLIST_FILE = Calculator_SwiftUI/Info.plist;
				IPHONEOS_DEPLOYMENT_TARGET = 14.0;
				LD_RUNPATH_SEARCH_PATHS = (
					"$(inherited)",
					"@executable_path/Frameworks",
				);
				PRODUCT_BUNDLE_IDENTIFIER = "sirosh.ilya.Calculator-SwiftUI";
				PRODUCT_NAME = "$(TARGET_NAME)";
				SWIFT_VERSION = 5.0;
				TARGETED_DEVICE_FAMILY = "1,2";
			};
			name = Debug;
		};
		4900293B25641C17006AD629 /* Release */ = {
			isa = XCBuildConfiguration;
			buildSettings = {
				ASSETCATALOG_COMPILER_APPICON_NAME = AppIcon;
				ASSETCATALOG_COMPILER_GLOBAL_ACCENT_COLOR_NAME = AccentColor;
				CODE_SIGN_STYLE = Automatic;
				DEVELOPMENT_ASSET_PATHS = "\"Calculator_SwiftUI/Preview Content\"";
				DEVELOPMENT_TEAM = RSA6B5TSXV;
				ENABLE_PREVIEWS = YES;
				INFOPLIST_FILE = Calculator_SwiftUI/Info.plist;
				IPHONEOS_DEPLOYMENT_TARGET = 14.0;
				LD_RUNPATH_SEARCH_PATHS = (
					"$(inherited)",
					"@executable_path/Frameworks",
				);
				PRODUCT_BUNDLE_IDENTIFIER = "sirosh.ilya.Calculator-SwiftUI";
				PRODUCT_NAME = "$(TARGET_NAME)";
				SWIFT_VERSION = 5.0;
				TARGETED_DEVICE_FAMILY = "1,2";
			};
			name = Release;
		};
/* End XCBuildConfiguration section */

/* Begin XCConfigurationList section */
		4900292525641C17006AD629 /* Build configuration list for PBXProject "Calculator_SwiftUI" */ = {
			isa = XCConfigurationList;
			buildConfigurations = (
				4900293725641C17006AD629 /* Debug */,
				4900293825641C17006AD629 /* Release */,
			);
			defaultConfigurationIsVisible = 0;
			defaultConfigurationName = Release;
		};
		4900293925641C17006AD629 /* Build configuration list for PBXNativeTarget "Calculator_SwiftUI" */ = {
			isa = XCConfigurationList;
			buildConfigurations = (
				4900293A25641C17006AD629 /* Debug */,
				4900293B25641C17006AD629 /* Release */,
			);
			defaultConfigurationIsVisible = 0;
			defaultConfigurationName = Release;
		};
/* End XCConfigurationList section */
	};
	rootObject = 4900292225641C17006AD629 /* Project object */;
}
